github.com/dustin/go-humanize v1.0.0 h1:VSnTsYCnlFHaM2/igO1h6X3HA71jcobQuxemgkq4zYo=
github.com/dustin/go-humanize v1.0.0/go.mod h1:HtrtbFcZ19U5GC7JDqmcUSB87Iq5E25KnS6fMYU6eOk=
github.com/kataras/tablewriter v0.0.0-20180708051242-e063d29b7c23 h1:M8exrBzuhWcU6aoHJlHWPe4qFjVKzkMGRal78f5jRRU=
github.com/kataras/tablewriter v0.0.0-20180708051242-e063d29b7c23/go.mod h1:kBSna6b0/RzsOcOZf515vAXwSsXYusl2U7SA0XP09yI=
github.com/landoop/tableprinter v0.0.0-20200104100433-ae9249991eb1 h1:SH30nioTpP0VaCYafgUw+iS1EfJTDbtAeBcByEFqFrY=
github.com/landoop/tableprinter v0.0.0-20200104100433-ae9249991eb1/go.mod h1:f0X1c0za3TbET/rl5ThtCSel0+G3/yZ8iuU9BxnyVK0=
github.com/mattn/go-runewidth v0.0.7/go.mod h1:H031xJmbD/WCDINGzjvQ9THkh0rPKHF+m2gUSrubnMI=
github.com/mattn/go-runewidth v0.0.9 h1:Lm995f3rfxdpd6TSmuVCHVb/QhupuXlYr8sCI/QdE+0=
github.com/mattn/go-runewidth v0.0.9/go.mod h1:H031xJmbD/WCDINGzjvQ9THkh0rPKHF+m2gUSrubnMI=
github.com/mishrasunny174/Corona-Stats/api v0.0.0-20200427115525-da833875ea0d h1:AEtZXkNwhTHQsMZZV8oQP/FMwlArVuguNwCrhkTFggU=
github.com/mishrasunny174/Corona-Stats/api v0.0.0-20200427115525-da833875ea0d/go.mod h1:sucxG5PkjdAu7aFgmUbtrFDNOrxF8SyZ4VKGOajFmVM=
github.com/mishrasunny174/Corona-Stats/api v0.0.0-20200427164939-05c0e6e65c5d h1:Zy/BFQ412rnZlpgXoRMNlMAEHXlCsk0Lom6JfqAvvtE=
github.com/mishrasunny174/Corona-Stats/api v0.0.0-20200427164939-05c0e6e65c5d/go.mod h1:sucxG5PkjdAu7aFgmUbtrFDNOrxF8SyZ4VKGOajFmVM=
github.com/olekukonko/tablewriter v0.0.4 h1:vHD/YYe1Wolo78koG299f7V/VAS08c6IpCLn+Ejf/w8=
github.com/olekukonko/tablewriter v0.0.4/go.mod h1:zq6QwlOf5SlnkVbMSr5EoBv3636FWnp+qbPhuoO21uA=
